
Microsoft Visual Studio Solution File, Format Version 12.00
# Visual Studio Version 16
VisualStudioVersion = 16.0.28803.452
MinimumVisualStudioVersion = 10.0.40219.1
Project("{FAE04EC0-301F-11D3-BF4B-00C04F79EFBC}") = "SampleApp.UWP", "SampleApp\SampleApp.UWP\SampleApp.UWP.csproj", "{C2593E86-27C3-434E-B569-6A4C428DD749}"
EndProject
Project("{FAE04EC0-301F-11D3-BF4B-00C04F79EFBC}") = "SampleApp.Android", "SampleApp\SampleApp.Android\SampleApp.Android.csproj", "{89E452FA-8AAF-48C5-8E67-171A3928E39E}"
EndProject
Project("{FAE04EC0-301F-11D3-BF4B-00C04F79EFBC}") = "SampleApp.iOS", "SampleApp\SampleApp.iOS\SampleApp.iOS.csproj", "{438CA225-3745-4F5D-A9FD-1BD6F98C5958}"
EndProject
Project("{9A19103F-16F7-4668-BE54-9A1E7A4F7556}") = "SampleApp", "SampleApp\SampleApp\SampleApp.csproj", "{F45B8FEB-E2C1-445B-B0AD-B2D0C054778D}"
EndProject
Project("{9A19103F-16F7-4668-BE54-9A1E7A4F7556}") = "DeepLinking", "DeepLinking\DeepLinking\DeepLinking.csproj", "{905E139C-F7D1-4245-B7D7-2577BF22FC6C}"
EndProject
Project("{FAE04EC0-301F-11D3-BF4B-00C04F79EFBC}") = "DeepLinking.Android", "DeepLinking\Droid\DeepLinking.Android.csproj", "{121BD234-E86B-4BFC-B777-14CACC7BD46D}"
EndProject
Project("{FAE04EC0-301F-11D3-BF4B-00C04F79EFBC}") = "DeepLinking.iOS", "DeepLinking\iOS\DeepLinking.iOS.csproj", "{219A3843-D649-4065-8621-A73092D4487A}"
EndProject
Project("{FAE04EC0-301F-11D3-BF4B-00C04F79EFBC}") = "Attached.Behaviour.UWP", "Attached.Behaviour\Attached.Behaviour.UWP\Attached.Behaviour.UWP.csproj", "{A2843368-DE92-4C86-9BE8-A6D024DD376B}"
EndProject
Project("{FAE04EC0-301F-11D3-BF4B-00C04F79EFBC}") = "Attached.Behaviour.Android", "Attached.Behaviour\Attached.Behaviour.Android\Attached.Behaviour.Android.csproj", "{026D0393-BECF-4FBF-9D7B-08953453DF5E}"
EndProject
Project("{FAE04EC0-301F-11D3-BF4B-00C04F79EFBC}") = "Attached.Behaviour.iOS", "Attached.Behaviour\Attached.Behaviour.iOS\Attached.Behaviour.iOS.csproj", "{68D978D1-5B50-4896-B784-45AA4C334847}"
EndProject
Project("{9A19103F-16F7-4668-BE54-9A1E7A4F7556}") = "Attached.Behaviour", "Attached.Behaviour\Attached.Behaviour\Attached.Behaviour.csproj", "{F525970F-DD95-4E1A-A61F-2CDDB042DDEC}"
EndProject
Project("{FAE04EC0-301F-11D3-BF4B-00C04F79EFBC}") = "XamarinForms.Behaviours.UWP", "XamarinForms.Behaviours\XamarinForms.Behaviours.UWP\XamarinForms.Behaviours.UWP.csproj", "{02C7B31B-7572-4980-B88B-60C01EC37601}"
EndProject
Project("{FAE04EC0-301F-11D3-BF4B-00C04F79EFBC}") = "XamarinForms.Behaviours.Android", "XamarinForms.Behaviours\XamarinForms.Behaviours.Android\XamarinForms.Behaviours.Android.csproj", "{2B55293E-6E4C-4022-B08B-530CB8B7EBEC}"
EndProject
Project("{FAE04EC0-301F-11D3-BF4B-00C04F79EFBC}") = "XamarinForms.Behaviours.iOS", "XamarinForms.Behaviours\XamarinForms.Behaviours.iOS\XamarinForms.Behaviours.iOS.csproj", "{61D27288-7ABA-40A0-B5EB-812E8F391181}"
EndProject
Project("{9A19103F-16F7-4668-BE54-9A1E7A4F7556}") = "XamarinForms.Behaviours", "XamarinForms.Behaviours\XamarinForms.Behaviours\XamarinForms.Behaviours.csproj", "{F8879C38-C830-4F99-93D8-99710D17620F}"
EndProject
Project("{FAE04EC0-301F-11D3-BF4B-00C04F79EFBC}") = "Xamarin.Behaviours.WithStyles.UWP", "Xamarin.Behaviours.WithStyles\Xamarin.Behaviours.WithStyles.UWP\Xamarin.Behaviours.WithStyles.UWP.csproj", "{87E41CE6-434A-4704-A2BB-A8D7C9E8F253}"
EndProject
Project("{FAE04EC0-301F-11D3-BF4B-00C04F79EFBC}") = "Xamarin.Behaviours.WithStyles.Android", "Xamarin.Behaviours.WithStyles\Xamarin.Behaviours.WithStyles.Android\Xamarin.Behaviours.WithStyles.Android.csproj", "{AD38C1C2-779E-4216-8FFC-44EC4984C0C1}"
EndProject
Project("{FAE04EC0-301F-11D3-BF4B-00C04F79EFBC}") = "Xamarin.Behaviours.WithStyles.iOS", "Xamarin.Behaviours.WithStyles\Xamarin.Behaviours.WithStyles.iOS\Xamarin.Behaviours.WithStyles.iOS.csproj", "{2F983A0C-637D-4EBC-AE6B-69797031758D}"
EndProject
Project("{FAE04EC0-301F-11D3-BF4B-00C04F79EFBC}") = "Xamarin.Behaviours.WithStyles", "Xamarin.Behaviours.WithStyles\Xamarin.Behaviours.WithStyles\Xamarin.Behaviours.WithStyles.csproj", "{5DBC6F74-9877-43BF-9253-BAE44E2A7131}"
EndProject
Global
	GlobalSection(SolutionConfigurationPlatforms) = preSolution
		Debug|Any CPU = Debug|Any CPU
		Debug|ARM = Debug|ARM
		Debug|iPhone = Debug|iPhone
		Debug|iPhoneSimulator = Debug|iPhoneSimulator
		Debug|x64 = Debug|x64
		Debug|x86 = Debug|x86
		Release|Any CPU = Release|Any CPU
		Release|ARM = Release|ARM
		Release|iPhone = Release|iPhone
		Release|iPhoneSimulator = Release|iPhoneSimulator
		Release|x64 = Release|x64
		Release|x86 = Release|x86
	EndGlobalSection
	GlobalSection(ProjectConfigurationPlatforms) = postSolution
		{C2593E86-27C3-434E-B569-6A4C428DD749}.Debug|Any CPU.ActiveCfg = Debug|x86
		{C2593E86-27C3-434E-B569-6A4C428DD749}.Debug|ARM.ActiveCfg = Debug|ARM
		{C2593E86-27C3-434E-B569-6A4C428DD749}.Debug|ARM.Build.0 = Debug|ARM
		{C2593E86-27C3-434E-B569-6A4C428DD749}.Debug|ARM.Deploy.0 = Debug|ARM
		{C2593E86-27C3-434E-B569-6A4C428DD749}.Debug|iPhone.ActiveCfg = Debug|x86
		{C2593E86-27C3-434E-B569-6A4C428DD749}.Debug|iPhoneSimulator.ActiveCfg = Debug|x86
		{C2593E86-27C3-434E-B569-6A4C428DD749}.Debug|x64.ActiveCfg = Debug|x64
		{C2593E86-27C3-434E-B569-6A4C428DD749}.Debug|x64.Build.0 = Debug|x64
		{C2593E86-27C3-434E-B569-6A4C428DD749}.Debug|x64.Deploy.0 = Debug|x64
		{C2593E86-27C3-434E-B569-6A4C428DD749}.Debug|x86.ActiveCfg = Debug|x86
		{C2593E86-27C3-434E-B569-6A4C428DD749}.Debug|x86.Build.0 = Debug|x86
		{C2593E86-27C3-434E-B569-6A4C428DD749}.Debug|x86.Deploy.0 = Debug|x86
		{C2593E86-27C3-434E-B569-6A4C428DD749}.Release|Any CPU.ActiveCfg = Release|x86
		{C2593E86-27C3-434E-B569-6A4C428DD749}.Release|ARM.ActiveCfg = Release|ARM
		{C2593E86-27C3-434E-B569-6A4C428DD749}.Release|ARM.Build.0 = Release|ARM
		{C2593E86-27C3-434E-B569-6A4C428DD749}.Release|ARM.Deploy.0 = Release|ARM
		{C2593E86-27C3-434E-B569-6A4C428DD749}.Release|iPhone.ActiveCfg = Release|x86
		{C2593E86-27C3-434E-B569-6A4C428DD749}.Release|iPhoneSimulator.ActiveCfg = Release|x86
		{C2593E86-27C3-434E-B569-6A4C428DD749}.Release|x64.ActiveCfg = Release|x64
		{C2593E86-27C3-434E-B569-6A4C428DD749}.Release|x64.Build.0 = Release|x64
		{C2593E86-27C3-434E-B569-6A4C428DD749}.Release|x64.Deploy.0 = Release|x64
		{C2593E86-27C3-434E-B569-6A4C428DD749}.Release|x86.ActiveCfg = Release|x86
		{C2593E86-27C3-434E-B569-6A4C428DD749}.Release|x86.Build.0 = Release|x86
		{C2593E86-27C3-434E-B569-6A4C428DD749}.Release|x86.Deploy.0 = Release|x86
		{89E452FA-8AAF-48C5-8E67-171A3928E39E}.Debug|Any CPU.ActiveCfg = Debug|Any CPU
		{89E452FA-8AAF-48C5-8E67-171A3928E39E}.Debug|Any CPU.Build.0 = Debug|Any CPU
		{89E452FA-8AAF-48C5-8E67-171A3928E39E}.Debug|Any CPU.Deploy.0 = Debug|Any CPU
		{89E452FA-8AAF-48C5-8E67-171A3928E39E}.Debug|ARM.ActiveCfg = Debug|Any CPU
		{89E452FA-8AAF-48C5-8E67-171A3928E39E}.Debug|ARM.Build.0 = Debug|Any CPU
		{89E452FA-8AAF-48C5-8E67-171A3928E39E}.Debug|ARM.Deploy.0 = Debug|Any CPU
		{89E452FA-8AAF-48C5-8E67-171A3928E39E}.Debug|iPhone.ActiveCfg = Debug|Any CPU
		{89E452FA-8AAF-48C5-8E67-171A3928E39E}.Debug|iPhone.Build.0 = Debug|Any CPU
		{89E452FA-8AAF-48C5-8E67-171A3928E39E}.Debug|iPhone.Deploy.0 = Debug|Any CPU
		{89E452FA-8AAF-48C5-8E67-171A3928E39E}.Debug|iPhoneSimulator.ActiveCfg = Debug|Any CPU
		{89E452FA-8AAF-48C5-8E67-171A3928E39E}.Debug|iPhoneSimulator.Build.0 = Debug|Any CPU
		{89E452FA-8AAF-48C5-8E67-171A3928E39E}.Debug|iPhoneSimulator.Deploy.0 = Debug|Any CPU
		{89E452FA-8AAF-48C5-8E67-171A3928E39E}.Debug|x64.ActiveCfg = Debug|Any CPU
		{89E452FA-8AAF-48C5-8E67-171A3928E39E}.Debug|x64.Build.0 = Debug|Any CPU
		{89E452FA-8AAF-48C5-8E67-171A3928E39E}.Debug|x64.Deploy.0 = Debug|Any CPU
		{89E452FA-8AAF-48C5-8E67-171A3928E39E}.Debug|x86.ActiveCfg = Debug|Any CPU
		{89E452FA-8AAF-48C5-8E67-171A3928E39E}.Debug|x86.Build.0 = Debug|Any CPU
		{89E452FA-8AAF-48C5-8E67-171A3928E39E}.Debug|x86.Deploy.0 = Debug|Any CPU
		{89E452FA-8AAF-48C5-8E67-171A3928E39E}.Release|Any CPU.ActiveCfg = Release|Any CPU
		{89E452FA-8AAF-48C5-8E67-171A3928E39E}.Release|Any CPU.Build.0 = Release|Any CPU
		{89E452FA-8AAF-48C5-8E67-171A3928E39E}.Release|Any CPU.Deploy.0 = Release|Any CPU
		{89E452FA-8AAF-48C5-8E67-171A3928E39E}.Release|ARM.ActiveCfg = Release|Any CPU
		{89E452FA-8AAF-48C5-8E67-171A3928E39E}.Release|ARM.Build.0 = Release|Any CPU
		{89E452FA-8AAF-48C5-8E67-171A3928E39E}.Release|ARM.Deploy.0 = Release|Any CPU
		{89E452FA-8AAF-48C5-8E67-171A3928E39E}.Release|iPhone.ActiveCfg = Release|Any CPU
		{89E452FA-8AAF-48C5-8E67-171A3928E39E}.Release|iPhone.Build.0 = Release|Any CPU
		{89E452FA-8AAF-48C5-8E67-171A3928E39E}.Release|iPhone.Deploy.0 = Release|Any CPU
		{89E452FA-8AAF-48C5-8E67-171A3928E39E}.Release|iPhoneSimulator.ActiveCfg = Release|Any CPU
		{89E452FA-8AAF-48C5-8E67-171A3928E39E}.Release|iPhoneSimulator.Build.0 = Release|Any CPU
		{89E452FA-8AAF-48C5-8E67-171A3928E39E}.Release|iPhoneSimulator.Deploy.0 = Release|Any CPU
		{89E452FA-8AAF-48C5-8E67-171A3928E39E}.Release|x64.ActiveCfg = Release|Any CPU
		{89E452FA-8AAF-48C5-8E67-171A3928E39E}.Release|x64.Build.0 = Release|Any CPU
		{89E452FA-8AAF-48C5-8E67-171A3928E39E}.Release|x64.Deploy.0 = Release|Any CPU
		{89E452FA-8AAF-48C5-8E67-171A3928E39E}.Release|x86.ActiveCfg = Release|Any CPU
		{89E452FA-8AAF-48C5-8E67-171A3928E39E}.Release|x86.Build.0 = Release|Any CPU
		{89E452FA-8AAF-48C5-8E67-171A3928E39E}.Release|x86.Deploy.0 = Release|Any CPU
		{438CA225-3745-4F5D-A9FD-1BD6F98C5958}.Debug|Any CPU.ActiveCfg = Debug|iPhone
		{438CA225-3745-4F5D-A9FD-1BD6F98C5958}.Debug|ARM.ActiveCfg = Debug|iPhone
		{438CA225-3745-4F5D-A9FD-1BD6F98C5958}.Debug|iPhone.ActiveCfg = Debug|iPhone
		{438CA225-3745-4F5D-A9FD-1BD6F98C5958}.Debug|iPhone.Build.0 = Debug|iPhone
		{438CA225-3745-4F5D-A9FD-1BD6F98C5958}.Debug|iPhoneSimulator.ActiveCfg = Debug|iPhoneSimulator
		{438CA225-3745-4F5D-A9FD-1BD6F98C5958}.Debug|iPhoneSimulator.Build.0 = Debug|iPhoneSimulator
		{438CA225-3745-4F5D-A9FD-1BD6F98C5958}.Debug|x64.ActiveCfg = Debug|iPhone
		{438CA225-3745-4F5D-A9FD-1BD6F98C5958}.Debug|x86.ActiveCfg = Debug|iPhone
		{438CA225-3745-4F5D-A9FD-1BD6F98C5958}.Release|Any CPU.ActiveCfg = Release|iPhone
		{438CA225-3745-4F5D-A9FD-1BD6F98C5958}.Release|ARM.ActiveCfg = Release|iPhone
		{438CA225-3745-4F5D-A9FD-1BD6F98C5958}.Release|iPhone.ActiveCfg = Release|iPhone
		{438CA225-3745-4F5D-A9FD-1BD6F98C5958}.Release|iPhone.Build.0 = Release|iPhone
		{438CA225-3745-4F5D-A9FD-1BD6F98C5958}.Release|iPhoneSimulator.ActiveCfg = Release|iPhoneSimulator
		{438CA225-3745-4F5D-A9FD-1BD6F98C5958}.Release|iPhoneSimulator.Build.0 = Release|iPhoneSimulator
		{438CA225-3745-4F5D-A9FD-1BD6F98C5958}.Release|x64.ActiveCfg = Release|iPhone
		{438CA225-3745-4F5D-A9FD-1BD6F98C5958}.Release|x86.ActiveCfg = Release|iPhone
		{F45B8FEB-E2C1-445B-B0AD-B2D0C054778D}.Debug|Any CPU.ActiveCfg = Debug|Any CPU
		{F45B8FEB-E2C1-445B-B0AD-B2D0C054778D}.Debug|Any CPU.Build.0 = Debug|Any CPU
		{F45B8FEB-E2C1-445B-B0AD-B2D0C054778D}.Debug|ARM.ActiveCfg = Debug|Any CPU
		{F45B8FEB-E2C1-445B-B0AD-B2D0C054778D}.Debug|ARM.Build.0 = Debug|Any CPU
		{F45B8FEB-E2C1-445B-B0AD-B2D0C054778D}.Debug|iPhone.ActiveCfg = Debug|Any CPU
		{F45B8FEB-E2C1-445B-B0AD-B2D0C054778D}.Debug|iPhone.Build.0 = Debug|Any CPU
		{F45B8FEB-E2C1-445B-B0AD-B2D0C054778D}.Debug|iPhoneSimulator.ActiveCfg = Debug|Any CPU
		{F45B8FEB-E2C1-445B-B0AD-B2D0C054778D}.Debug|iPhoneSimulator.Build.0 = Debug|Any CPU
		{F45B8FEB-E2C1-445B-B0AD-B2D0C054778D}.Debug|x64.ActiveCfg = Debug|Any CPU
		{F45B8FEB-E2C1-445B-B0AD-B2D0C054778D}.Debug|x64.Build.0 = Debug|Any CPU
		{F45B8FEB-E2C1-445B-B0AD-B2D0C054778D}.Debug|x86.ActiveCfg = Debug|Any CPU
		{F45B8FEB-E2C1-445B-B0AD-B2D0C054778D}.Debug|x86.Build.0 = Debug|Any CPU
		{F45B8FEB-E2C1-445B-B0AD-B2D0C054778D}.Release|Any CPU.ActiveCfg = Release|Any CPU
		{F45B8FEB-E2C1-445B-B0AD-B2D0C054778D}.Release|Any CPU.Build.0 = Release|Any CPU
		{F45B8FEB-E2C1-445B-B0AD-B2D0C054778D}.Release|ARM.ActiveCfg = Release|Any CPU
		{F45B8FEB-E2C1-445B-B0AD-B2D0C054778D}.Release|ARM.Build.0 = Release|Any CPU
		{F45B8FEB-E2C1-445B-B0AD-B2D0C054778D}.Release|iPhone.ActiveCfg = Release|Any CPU
		{F45B8FEB-E2C1-445B-B0AD-B2D0C054778D}.Release|iPhone.Build.0 = Release|Any CPU
		{F45B8FEB-E2C1-445B-B0AD-B2D0C054778D}.Release|iPhoneSimulator.ActiveCfg = Release|Any CPU
		{F45B8FEB-E2C1-445B-B0AD-B2D0C054778D}.Release|iPhoneSimulator.Build.0 = Release|Any CPU
		{F45B8FEB-E2C1-445B-B0AD-B2D0C054778D}.Release|x64.ActiveCfg = Release|Any CPU
		{F45B8FEB-E2C1-445B-B0AD-B2D0C054778D}.Release|x64.Build.0 = Release|Any CPU
		{F45B8FEB-E2C1-445B-B0AD-B2D0C054778D}.Release|x86.ActiveCfg = Release|Any CPU
		{F45B8FEB-E2C1-445B-B0AD-B2D0C054778D}.Release|x86.Build.0 = Release|Any CPU
		{905E139C-F7D1-4245-B7D7-2577BF22FC6C}.Debug|Any CPU.ActiveCfg = Debug|Any CPU
		{905E139C-F7D1-4245-B7D7-2577BF22FC6C}.Debug|Any CPU.Build.0 = Debug|Any CPU
		{905E139C-F7D1-4245-B7D7-2577BF22FC6C}.Debug|ARM.ActiveCfg = Debug|Any CPU
		{905E139C-F7D1-4245-B7D7-2577BF22FC6C}.Debug|ARM.Build.0 = Debug|Any CPU
		{905E139C-F7D1-4245-B7D7-2577BF22FC6C}.Debug|iPhone.ActiveCfg = Debug|Any CPU
		{905E139C-F7D1-4245-B7D7-2577BF22FC6C}.Debug|iPhone.Build.0 = Debug|Any CPU
		{905E139C-F7D1-4245-B7D7-2577BF22FC6C}.Debug|iPhoneSimulator.ActiveCfg = Debug|Any CPU
		{905E139C-F7D1-4245-B7D7-2577BF22FC6C}.Debug|iPhoneSimulator.Build.0 = Debug|Any CPU
		{905E139C-F7D1-4245-B7D7-2577BF22FC6C}.Debug|x64.ActiveCfg = Debug|Any CPU
		{905E139C-F7D1-4245-B7D7-2577BF22FC6C}.Debug|x64.Build.0 = Debug|Any CPU
		{905E139C-F7D1-4245-B7D7-2577BF22FC6C}.Debug|x86.ActiveCfg = Debug|Any CPU
		{905E139C-F7D1-4245-B7D7-2577BF22FC6C}.Debug|x86.Build.0 = Debug|Any CPU
		{905E139C-F7D1-4245-B7D7-2577BF22FC6C}.Release|Any CPU.ActiveCfg = Release|Any CPU
		{905E139C-F7D1-4245-B7D7-2577BF22FC6C}.Release|Any CPU.Build.0 = Release|Any CPU
		{905E139C-F7D1-4245-B7D7-2577BF22FC6C}.Release|ARM.ActiveCfg = Release|Any CPU
		{905E139C-F7D1-4245-B7D7-2577BF22FC6C}.Release|ARM.Build.0 = Release|Any CPU
		{905E139C-F7D1-4245-B7D7-2577BF22FC6C}.Release|iPhone.ActiveCfg = Release|Any CPU
		{905E139C-F7D1-4245-B7D7-2577BF22FC6C}.Release|iPhone.Build.0 = Release|Any CPU
		{905E139C-F7D1-4245-B7D7-2577BF22FC6C}.Release|iPhoneSimulator.ActiveCfg = Release|Any CPU
		{905E139C-F7D1-4245-B7D7-2577BF22FC6C}.Release|iPhoneSimulator.Build.0 = Release|Any CPU
		{905E139C-F7D1-4245-B7D7-2577BF22FC6C}.Release|x64.ActiveCfg = Release|Any CPU
		{905E139C-F7D1-4245-B7D7-2577BF22FC6C}.Release|x64.Build.0 = Release|Any CPU
		{905E139C-F7D1-4245-B7D7-2577BF22FC6C}.Release|x86.ActiveCfg = Release|Any CPU
		{905E139C-F7D1-4245-B7D7-2577BF22FC6C}.Release|x86.Build.0 = Release|Any CPU
		{121BD234-E86B-4BFC-B777-14CACC7BD46D}.Debug|Any CPU.ActiveCfg = Debug|Any CPU
		{121BD234-E86B-4BFC-B777-14CACC7BD46D}.Debug|Any CPU.Build.0 = Debug|Any CPU
		{121BD234-E86B-4BFC-B777-14CACC7BD46D}.Debug|Any CPU.Deploy.0 = Debug|Any CPU
		{121BD234-E86B-4BFC-B777-14CACC7BD46D}.Debug|ARM.ActiveCfg = Debug|Any CPU
		{121BD234-E86B-4BFC-B777-14CACC7BD46D}.Debug|ARM.Build.0 = Debug|Any CPU
		{121BD234-E86B-4BFC-B777-14CACC7BD46D}.Debug|ARM.Deploy.0 = Debug|Any CPU
		{121BD234-E86B-4BFC-B777-14CACC7BD46D}.Debug|iPhone.ActiveCfg = Debug|Any CPU
		{121BD234-E86B-4BFC-B777-14CACC7BD46D}.Debug|iPhone.Build.0 = Debug|Any CPU
		{121BD234-E86B-4BFC-B777-14CACC7BD46D}.Debug|iPhone.Deploy.0 = Debug|Any CPU
		{121BD234-E86B-4BFC-B777-14CACC7BD46D}.Debug|iPhoneSimulator.ActiveCfg = Debug|Any CPU
		{121BD234-E86B-4BFC-B777-14CACC7BD46D}.Debug|iPhoneSimulator.Build.0 = Debug|Any CPU
		{121BD234-E86B-4BFC-B777-14CACC7BD46D}.Debug|iPhoneSimulator.Deploy.0 = Debug|Any CPU
		{121BD234-E86B-4BFC-B777-14CACC7BD46D}.Debug|x64.ActiveCfg = Debug|Any CPU
		{121BD234-E86B-4BFC-B777-14CACC7BD46D}.Debug|x64.Build.0 = Debug|Any CPU
		{121BD234-E86B-4BFC-B777-14CACC7BD46D}.Debug|x64.Deploy.0 = Debug|Any CPU
		{121BD234-E86B-4BFC-B777-14CACC7BD46D}.Debug|x86.ActiveCfg = Debug|Any CPU
		{121BD234-E86B-4BFC-B777-14CACC7BD46D}.Debug|x86.Build.0 = Debug|Any CPU
		{121BD234-E86B-4BFC-B777-14CACC7BD46D}.Debug|x86.Deploy.0 = Debug|Any CPU
		{121BD234-E86B-4BFC-B777-14CACC7BD46D}.Release|Any CPU.ActiveCfg = Release|Any CPU
		{121BD234-E86B-4BFC-B777-14CACC7BD46D}.Release|Any CPU.Build.0 = Release|Any CPU
		{121BD234-E86B-4BFC-B777-14CACC7BD46D}.Release|Any CPU.Deploy.0 = Release|Any CPU
		{121BD234-E86B-4BFC-B777-14CACC7BD46D}.Release|ARM.ActiveCfg = Release|Any CPU
		{121BD234-E86B-4BFC-B777-14CACC7BD46D}.Release|ARM.Build.0 = Release|Any CPU
		{121BD234-E86B-4BFC-B777-14CACC7BD46D}.Release|ARM.Deploy.0 = Release|Any CPU
		{121BD234-E86B-4BFC-B777-14CACC7BD46D}.Release|iPhone.ActiveCfg = Release|Any CPU
		{121BD234-E86B-4BFC-B777-14CACC7BD46D}.Release|iPhone.Build.0 = Release|Any CPU
		{121BD234-E86B-4BFC-B777-14CACC7BD46D}.Release|iPhone.Deploy.0 = Release|Any CPU
		{121BD234-E86B-4BFC-B777-14CACC7BD46D}.Release|iPhoneSimulator.ActiveCfg = Release|Any CPU
		{121BD234-E86B-4BFC-B777-14CACC7BD46D}.Release|iPhoneSimulator.Build.0 = Release|Any CPU
		{121BD234-E86B-4BFC-B777-14CACC7BD46D}.Release|iPhoneSimulator.Deploy.0 = Release|Any CPU
		{121BD234-E86B-4BFC-B777-14CACC7BD46D}.Release|x64.ActiveCfg = Release|Any CPU
		{121BD234-E86B-4BFC-B777-14CACC7BD46D}.Release|x64.Build.0 = Release|Any CPU
		{121BD234-E86B-4BFC-B777-14CACC7BD46D}.Release|x64.Deploy.0 = Release|Any CPU
		{121BD234-E86B-4BFC-B777-14CACC7BD46D}.Release|x86.ActiveCfg = Release|Any CPU
		{121BD234-E86B-4BFC-B777-14CACC7BD46D}.Release|x86.Build.0 = Release|Any CPU
		{121BD234-E86B-4BFC-B777-14CACC7BD46D}.Release|x86.Deploy.0 = Release|Any CPU
		{219A3843-D649-4065-8621-A73092D4487A}.Debug|Any CPU.ActiveCfg = Debug|iPhone
		{219A3843-D649-4065-8621-A73092D4487A}.Debug|ARM.ActiveCfg = Debug|iPhone
		{219A3843-D649-4065-8621-A73092D4487A}.Debug|iPhone.ActiveCfg = Debug|iPhone
		{219A3843-D649-4065-8621-A73092D4487A}.Debug|iPhone.Build.0 = Debug|iPhone
		{219A3843-D649-4065-8621-A73092D4487A}.Debug|iPhoneSimulator.ActiveCfg = Debug|iPhoneSimulator
		{219A3843-D649-4065-8621-A73092D4487A}.Debug|iPhoneSimulator.Build.0 = Debug|iPhoneSimulator
		{219A3843-D649-4065-8621-A73092D4487A}.Debug|x64.ActiveCfg = Debug|iPhone
		{219A3843-D649-4065-8621-A73092D4487A}.Debug|x86.ActiveCfg = Debug|iPhone
		{219A3843-D649-4065-8621-A73092D4487A}.Release|Any CPU.ActiveCfg = Release|iPhone
		{219A3843-D649-4065-8621-A73092D4487A}.Release|ARM.ActiveCfg = Release|iPhone
		{219A3843-D649-4065-8621-A73092D4487A}.Release|iPhone.ActiveCfg = Release|iPhone
		{219A3843-D649-4065-8621-A73092D4487A}.Release|iPhone.Build.0 = Release|iPhone
		{219A3843-D649-4065-8621-A73092D4487A}.Release|iPhoneSimulator.ActiveCfg = Release|iPhoneSimulator
		{219A3843-D649-4065-8621-A73092D4487A}.Release|iPhoneSimulator.Build.0 = Release|iPhoneSimulator
		{219A3843-D649-4065-8621-A73092D4487A}.Release|x64.ActiveCfg = Release|iPhone
		{219A3843-D649-4065-8621-A73092D4487A}.Release|x86.ActiveCfg = Release|iPhone
		{A2843368-DE92-4C86-9BE8-A6D024DD376B}.Debug|Any CPU.ActiveCfg = Debug|x86
		{A2843368-DE92-4C86-9BE8-A6D024DD376B}.Debug|ARM.ActiveCfg = Debug|ARM
		{A2843368-DE92-4C86-9BE8-A6D024DD376B}.Debug|ARM.Build.0 = Debug|ARM
		{A2843368-DE92-4C86-9BE8-A6D024DD376B}.Debug|ARM.Deploy.0 = Debug|ARM
		{A2843368-DE92-4C86-9BE8-A6D024DD376B}.Debug|iPhone.ActiveCfg = Debug|x86
		{A2843368-DE92-4C86-9BE8-A6D024DD376B}.Debug|iPhoneSimulator.ActiveCfg = Debug|x86
		{A2843368-DE92-4C86-9BE8-A6D024DD376B}.Debug|x64.ActiveCfg = Debug|x64
		{A2843368-DE92-4C86-9BE8-A6D024DD376B}.Debug|x64.Build.0 = Debug|x64
		{A2843368-DE92-4C86-9BE8-A6D024DD376B}.Debug|x64.Deploy.0 = Debug|x64
		{A2843368-DE92-4C86-9BE8-A6D024DD376B}.Debug|x86.ActiveCfg = Debug|x86
		{A2843368-DE92-4C86-9BE8-A6D024DD376B}.Debug|x86.Build.0 = Debug|x86
		{A2843368-DE92-4C86-9BE8-A6D024DD376B}.Debug|x86.Deploy.0 = Debug|x86
		{A2843368-DE92-4C86-9BE8-A6D024DD376B}.Release|Any CPU.ActiveCfg = Release|x86
		{A2843368-DE92-4C86-9BE8-A6D024DD376B}.Release|ARM.ActiveCfg = Release|ARM
		{A2843368-DE92-4C86-9BE8-A6D024DD376B}.Release|ARM.Build.0 = Release|ARM
		{A2843368-DE92-4C86-9BE8-A6D024DD376B}.Release|ARM.Deploy.0 = Release|ARM
		{A2843368-DE92-4C86-9BE8-A6D024DD376B}.Release|iPhone.ActiveCfg = Release|x86
		{A2843368-DE92-4C86-9BE8-A6D024DD376B}.Release|iPhoneSimulator.ActiveCfg = Release|x86
		{A2843368-DE92-4C86-9BE8-A6D024DD376B}.Release|x64.ActiveCfg = Release|x64
		{A2843368-DE92-4C86-9BE8-A6D024DD376B}.Release|x64.Build.0 = Release|x64
		{A2843368-DE92-4C86-9BE8-A6D024DD376B}.Release|x64.Deploy.0 = Release|x64
		{A2843368-DE92-4C86-9BE8-A6D024DD376B}.Release|x86.ActiveCfg = Release|x86
		{A2843368-DE92-4C86-9BE8-A6D024DD376B}.Release|x86.Build.0 = Release|x86
		{A2843368-DE92-4C86-9BE8-A6D024DD376B}.Release|x86.Deploy.0 = Release|x86
		{026D0393-BECF-4FBF-9D7B-08953453DF5E}.Debug|Any CPU.ActiveCfg = Debug|Any CPU
		{026D0393-BECF-4FBF-9D7B-08953453DF5E}.Debug|Any CPU.Build.0 = Debug|Any CPU
		{026D0393-BECF-4FBF-9D7B-08953453DF5E}.Debug|Any CPU.Deploy.0 = Debug|Any CPU
		{026D0393-BECF-4FBF-9D7B-08953453DF5E}.Debug|ARM.ActiveCfg = Debug|Any CPU
		{026D0393-BECF-4FBF-9D7B-08953453DF5E}.Debug|ARM.Build.0 = Debug|Any CPU
		{026D0393-BECF-4FBF-9D7B-08953453DF5E}.Debug|ARM.Deploy.0 = Debug|Any CPU
		{026D0393-BECF-4FBF-9D7B-08953453DF5E}.Debug|iPhone.ActiveCfg = Debug|Any CPU
		{026D0393-BECF-4FBF-9D7B-08953453DF5E}.Debug|iPhone.Build.0 = Debug|Any CPU
		{026D0393-BECF-4FBF-9D7B-08953453DF5E}.Debug|iPhone.Deploy.0 = Debug|Any CPU
		{026D0393-BECF-4FBF-9D7B-08953453DF5E}.Debug|iPhoneSimulator.ActiveCfg = Debug|Any CPU
		{026D0393-BECF-4FBF-9D7B-08953453DF5E}.Debug|iPhoneSimulator.Build.0 = Debug|Any CPU
		{026D0393-BECF-4FBF-9D7B-08953453DF5E}.Debug|iPhoneSimulator.Deploy.0 = Debug|Any CPU
		{026D0393-BECF-4FBF-9D7B-08953453DF5E}.Debug|x64.ActiveCfg = Debug|Any CPU
		{026D0393-BECF-4FBF-9D7B-08953453DF5E}.Debug|x64.Build.0 = Debug|Any CPU
		{026D0393-BECF-4FBF-9D7B-08953453DF5E}.Debug|x64.Deploy.0 = Debug|Any CPU
		{026D0393-BECF-4FBF-9D7B-08953453DF5E}.Debug|x86.ActiveCfg = Debug|Any CPU
		{026D0393-BECF-4FBF-9D7B-08953453DF5E}.Debug|x86.Build.0 = Debug|Any CPU
		{026D0393-BECF-4FBF-9D7B-08953453DF5E}.Debug|x86.Deploy.0 = Debug|Any CPU
		{026D0393-BECF-4FBF-9D7B-08953453DF5E}.Release|Any CPU.ActiveCfg = Release|Any CPU
		{026D0393-BECF-4FBF-9D7B-08953453DF5E}.Release|Any CPU.Build.0 = Release|Any CPU
		{026D0393-BECF-4FBF-9D7B-08953453DF5E}.Release|Any CPU.Deploy.0 = Release|Any CPU
		{026D0393-BECF-4FBF-9D7B-08953453DF5E}.Release|ARM.ActiveCfg = Release|Any CPU
		{026D0393-BECF-4FBF-9D7B-08953453DF5E}.Release|ARM.Build.0 = Release|Any CPU
		{026D0393-BECF-4FBF-9D7B-08953453DF5E}.Release|ARM.Deploy.0 = Release|Any CPU
		{026D0393-BECF-4FBF-9D7B-08953453DF5E}.Release|iPhone.ActiveCfg = Release|Any CPU
		{026D0393-BECF-4FBF-9D7B-08953453DF5E}.Release|iPhone.Build.0 = Release|Any CPU
		{026D0393-BECF-4FBF-9D7B-08953453DF5E}.Release|iPhone.Deploy.0 = Release|Any CPU
		{026D0393-BECF-4FBF-9D7B-08953453DF5E}.Release|iPhoneSimulator.ActiveCfg = Release|Any CPU
		{026D0393-BECF-4FBF-9D7B-08953453DF5E}.Release|iPhoneSimulator.Build.0 = Release|Any CPU
		{026D0393-BECF-4FBF-9D7B-08953453DF5E}.Release|iPhoneSimulator.Deploy.0 = Release|Any CPU
		{026D0393-BECF-4FBF-9D7B-08953453DF5E}.Release|x64.ActiveCfg = Release|Any CPU
		{026D0393-BECF-4FBF-9D7B-08953453DF5E}.Release|x64.Build.0 = Release|Any CPU
		{026D0393-BECF-4FBF-9D7B-08953453DF5E}.Release|x64.Deploy.0 = Release|Any CPU
		{026D0393-BECF-4FBF-9D7B-08953453DF5E}.Release|x86.ActiveCfg = Release|Any CPU
		{026D0393-BECF-4FBF-9D7B-08953453DF5E}.Release|x86.Build.0 = Release|Any CPU
		{026D0393-BECF-4FBF-9D7B-08953453DF5E}.Release|x86.Deploy.0 = Release|Any CPU
		{68D978D1-5B50-4896-B784-45AA4C334847}.Debug|Any CPU.ActiveCfg = Debug|iPhone
		{68D978D1-5B50-4896-B784-45AA4C334847}.Debug|ARM.ActiveCfg = Debug|iPhone
		{68D978D1-5B50-4896-B784-45AA4C334847}.Debug|iPhone.ActiveCfg = Debug|iPhone
		{68D978D1-5B50-4896-B784-45AA4C334847}.Debug|iPhone.Build.0 = Debug|iPhone
		{68D978D1-5B50-4896-B784-45AA4C334847}.Debug|iPhoneSimulator.ActiveCfg = Debug|iPhoneSimulator
		{68D978D1-5B50-4896-B784-45AA4C334847}.Debug|iPhoneSimulator.Build.0 = Debug|iPhoneSimulator
		{68D978D1-5B50-4896-B784-45AA4C334847}.Debug|x64.ActiveCfg = Debug|iPhone
		{68D978D1-5B50-4896-B784-45AA4C334847}.Debug|x86.ActiveCfg = Debug|iPhone
		{68D978D1-5B50-4896-B784-45AA4C334847}.Release|Any CPU.ActiveCfg = Release|iPhone
		{68D978D1-5B50-4896-B784-45AA4C334847}.Release|ARM.ActiveCfg = Release|iPhone
		{68D978D1-5B50-4896-B784-45AA4C334847}.Release|iPhone.ActiveCfg = Release|iPhone
		{68D978D1-5B50-4896-B784-45AA4C334847}.Release|iPhone.Build.0 = Release|iPhone
		{68D978D1-5B50-4896-B784-45AA4C334847}.Release|iPhoneSimulator.ActiveCfg = Release|iPhoneSimulator
		{68D978D1-5B50-4896-B784-45AA4C334847}.Release|iPhoneSimulator.Build.0 = Release|iPhoneSimulator
		{68D978D1-5B50-4896-B784-45AA4C334847}.Release|x64.ActiveCfg = Release|iPhone
		{68D978D1-5B50-4896-B784-45AA4C334847}.Release|x86.ActiveCfg = Release|iPhone
		{F525970F-DD95-4E1A-A61F-2CDDB042DDEC}.Debug|Any CPU.ActiveCfg = Debug|Any CPU
		{F525970F-DD95-4E1A-A61F-2CDDB042DDEC}.Debug|Any CPU.Build.0 = Debug|Any CPU
		{F525970F-DD95-4E1A-A61F-2CDDB042DDEC}.Debug|ARM.ActiveCfg = Debug|Any CPU
		{F525970F-DD95-4E1A-A61F-2CDDB042DDEC}.Debug|ARM.Build.0 = Debug|Any CPU
		{F525970F-DD95-4E1A-A61F-2CDDB042DDEC}.Debug|iPhone.ActiveCfg = Debug|Any CPU
		{F525970F-DD95-4E1A-A61F-2CDDB042DDEC}.Debug|iPhone.Build.0 = Debug|Any CPU
		{F525970F-DD95-4E1A-A61F-2CDDB042DDEC}.Debug|iPhoneSimulator.ActiveCfg = Debug|Any CPU
		{F525970F-DD95-4E1A-A61F-2CDDB042DDEC}.Debug|iPhoneSimulator.Build.0 = Debug|Any CPU
		{F525970F-DD95-4E1A-A61F-2CDDB042DDEC}.Debug|x64.ActiveCfg = Debug|Any CPU
		{F525970F-DD95-4E1A-A61F-2CDDB042DDEC}.Debug|x64.Build.0 = Debug|Any CPU
		{F525970F-DD95-4E1A-A61F-2CDDB042DDEC}.Debug|x86.ActiveCfg = Debug|Any CPU
		{F525970F-DD95-4E1A-A61F-2CDDB042DDEC}.Debug|x86.Build.0 = Debug|Any CPU
		{F525970F-DD95-4E1A-A61F-2CDDB042DDEC}.Release|Any CPU.ActiveCfg = Release|Any CPU
		{F525970F-DD95-4E1A-A61F-2CDDB042DDEC}.Release|Any CPU.Build.0 = Release|Any CPU
		{F525970F-DD95-4E1A-A61F-2CDDB042DDEC}.Release|ARM.ActiveCfg = Release|Any CPU
		{F525970F-DD95-4E1A-A61F-2CDDB042DDEC}.Release|ARM.Build.0 = Release|Any CPU
		{F525970F-DD95-4E1A-A61F-2CDDB042DDEC}.Release|iPhone.ActiveCfg = Release|Any CPU
		{F525970F-DD95-4E1A-A61F-2CDDB042DDEC}.Release|iPhone.Build.0 = Release|Any CPU
		{F525970F-DD95-4E1A-A61F-2CDDB042DDEC}.Release|iPhoneSimulator.ActiveCfg = Release|Any CPU
		{F525970F-DD95-4E1A-A61F-2CDDB042DDEC}.Release|iPhoneSimulator.Build.0 = Release|Any CPU
		{F525970F-DD95-4E1A-A61F-2CDDB042DDEC}.Release|x64.ActiveCfg = Release|Any CPU
		{F525970F-DD95-4E1A-A61F-2CDDB042DDEC}.Release|x64.Build.0 = Release|Any CPU
		{F525970F-DD95-4E1A-A61F-2CDDB042DDEC}.Release|x86.ActiveCfg = Release|Any CPU
		{F525970F-DD95-4E1A-A61F-2CDDB042DDEC}.Release|x86.Build.0 = Release|Any CPU
		{02C7B31B-7572-4980-B88B-60C01EC37601}.Debug|Any CPU.ActiveCfg = Debug|x86
		{02C7B31B-7572-4980-B88B-60C01EC37601}.Debug|ARM.ActiveCfg = Debug|ARM
		{02C7B31B-7572-4980-B88B-60C01EC37601}.Debug|ARM.Build.0 = Debug|ARM
		{02C7B31B-7572-4980-B88B-60C01EC37601}.Debug|ARM.Deploy.0 = Debug|ARM
		{02C7B31B-7572-4980-B88B-60C01EC37601}.Debug|iPhone.ActiveCfg = Debug|x86
		{02C7B31B-7572-4980-B88B-60C01EC37601}.Debug|iPhoneSimulator.ActiveCfg = Debug|x86
		{02C7B31B-7572-4980-B88B-60C01EC37601}.Debug|x64.ActiveCfg = Debug|x64
		{02C7B31B-7572-4980-B88B-60C01EC37601}.Debug|x64.Build.0 = Debug|x64
		{02C7B31B-7572-4980-B88B-60C01EC37601}.Debug|x64.Deploy.0 = Debug|x64
		{02C7B31B-7572-4980-B88B-60C01EC37601}.Debug|x86.ActiveCfg = Debug|x86
		{02C7B31B-7572-4980-B88B-60C01EC37601}.Debug|x86.Build.0 = Debug|x86
		{02C7B31B-7572-4980-B88B-60C01EC37601}.Debug|x86.Deploy.0 = Debug|x86
		{02C7B31B-7572-4980-B88B-60C01EC37601}.Release|Any CPU.ActiveCfg = Release|x86
		{02C7B31B-7572-4980-B88B-60C01EC37601}.Release|ARM.ActiveCfg = Release|ARM
		{02C7B31B-7572-4980-B88B-60C01EC37601}.Release|ARM.Build.0 = Release|ARM
		{02C7B31B-7572-4980-B88B-60C01EC37601}.Release|ARM.Deploy.0 = Release|ARM
		{02C7B31B-7572-4980-B88B-60C01EC37601}.Release|iPhone.ActiveCfg = Release|x86
		{02C7B31B-7572-4980-B88B-60C01EC37601}.Release|iPhoneSimulator.ActiveCfg = Release|x86
		{02C7B31B-7572-4980-B88B-60C01EC37601}.Release|x64.ActiveCfg = Release|x64
		{02C7B31B-7572-4980-B88B-60C01EC37601}.Release|x64.Build.0 = Release|x64
		{02C7B31B-7572-4980-B88B-60C01EC37601}.Release|x64.Deploy.0 = Release|x64
		{02C7B31B-7572-4980-B88B-60C01EC37601}.Release|x86.ActiveCfg = Release|x86
		{02C7B31B-7572-4980-B88B-60C01EC37601}.Release|x86.Build.0 = Release|x86
		{02C7B31B-7572-4980-B88B-60C01EC37601}.Release|x86.Deploy.0 = Release|x86
		{2B55293E-6E4C-4022-B08B-530CB8B7EBEC}.Debug|Any CPU.ActiveCfg = Debug|Any CPU
		{2B55293E-6E4C-4022-B08B-530CB8B7EBEC}.Debug|Any CPU.Build.0 = Debug|Any CPU
		{2B55293E-6E4C-4022-B08B-530CB8B7EBEC}.Debug|Any CPU.Deploy.0 = Debug|Any CPU
		{2B55293E-6E4C-4022-B08B-530CB8B7EBEC}.Debug|ARM.ActiveCfg = Debug|Any CPU
		{2B55293E-6E4C-4022-B08B-530CB8B7EBEC}.Debug|ARM.Build.0 = Debug|Any CPU
		{2B55293E-6E4C-4022-B08B-530CB8B7EBEC}.Debug|ARM.Deploy.0 = Debug|Any CPU
		{2B55293E-6E4C-4022-B08B-530CB8B7EBEC}.Debug|iPhone.ActiveCfg = Debug|Any CPU
		{2B55293E-6E4C-4022-B08B-530CB8B7EBEC}.Debug|iPhone.Build.0 = Debug|Any CPU
		{2B55293E-6E4C-4022-B08B-530CB8B7EBEC}.Debug|iPhone.Deploy.0 = Debug|Any CPU
		{2B55293E-6E4C-4022-B08B-530CB8B7EBEC}.Debug|iPhoneSimulator.ActiveCfg = Debug|Any CPU
		{2B55293E-6E4C-4022-B08B-530CB8B7EBEC}.Debug|iPhoneSimulator.Build.0 = Debug|Any CPU
		{2B55293E-6E4C-4022-B08B-530CB8B7EBEC}.Debug|iPhoneSimulator.Deploy.0 = Debug|Any CPU
		{2B55293E-6E4C-4022-B08B-530CB8B7EBEC}.Debug|x64.ActiveCfg = Debug|Any CPU
		{2B55293E-6E4C-4022-B08B-530CB8B7EBEC}.Debug|x64.Build.0 = Debug|Any CPU
		{2B55293E-6E4C-4022-B08B-530CB8B7EBEC}.Debug|x64.Deploy.0 = Debug|Any CPU
		{2B55293E-6E4C-4022-B08B-530CB8B7EBEC}.Debug|x86.ActiveCfg = Debug|Any CPU
		{2B55293E-6E4C-4022-B08B-530CB8B7EBEC}.Debug|x86.Build.0 = Debug|Any CPU
		{2B55293E-6E4C-4022-B08B-530CB8B7EBEC}.Debug|x86.Deploy.0 = Debug|Any CPU
		{2B55293E-6E4C-4022-B08B-530CB8B7EBEC}.Release|Any CPU.ActiveCfg = Release|Any CPU
		{2B55293E-6E4C-4022-B08B-530CB8B7EBEC}.Release|Any CPU.Build.0 = Release|Any CPU
		{2B55293E-6E4C-4022-B08B-530CB8B7EBEC}.Release|Any CPU.Deploy.0 = Release|Any CPU
		{2B55293E-6E4C-4022-B08B-530CB8B7EBEC}.Release|ARM.ActiveCfg = Release|Any CPU
		{2B55293E-6E4C-4022-B08B-530CB8B7EBEC}.Release|ARM.Build.0 = Release|Any CPU
		{2B55293E-6E4C-4022-B08B-530CB8B7EBEC}.Release|ARM.Deploy.0 = Release|Any CPU
		{2B55293E-6E4C-4022-B08B-530CB8B7EBEC}.Release|iPhone.ActiveCfg = Release|Any CPU
		{2B55293E-6E4C-4022-B08B-530CB8B7EBEC}.Release|iPhone.Build.0 = Release|Any CPU
		{2B55293E-6E4C-4022-B08B-530CB8B7EBEC}.Release|iPhone.Deploy.0 = Release|Any CPU
		{2B55293E-6E4C-4022-B08B-530CB8B7EBEC}.Release|iPhoneSimulator.ActiveCfg = Release|Any CPU
		{2B55293E-6E4C-4022-B08B-530CB8B7EBEC}.Release|iPhoneSimulator.Build.0 = Release|Any CPU
		{2B55293E-6E4C-4022-B08B-530CB8B7EBEC}.Release|iPhoneSimulator.Deploy.0 = Release|Any CPU
		{2B55293E-6E4C-4022-B08B-530CB8B7EBEC}.Release|x64.ActiveCfg = Release|Any CPU
		{2B55293E-6E4C-4022-B08B-530CB8B7EBEC}.Release|x64.Build.0 = Release|Any CPU
		{2B55293E-6E4C-4022-B08B-530CB8B7EBEC}.Release|x64.Deploy.0 = Release|Any CPU
		{2B55293E-6E4C-4022-B08B-530CB8B7EBEC}.Release|x86.ActiveCfg = Release|Any CPU
		{2B55293E-6E4C-4022-B08B-530CB8B7EBEC}.Release|x86.Build.0 = Release|Any CPU
		{2B55293E-6E4C-4022-B08B-530CB8B7EBEC}.Release|x86.Deploy.0 = Release|Any CPU
		{61D27288-7ABA-40A0-B5EB-812E8F391181}.Debug|Any CPU.ActiveCfg = Debug|iPhone
		{61D27288-7ABA-40A0-B5EB-812E8F391181}.Debug|ARM.ActiveCfg = Debug|iPhone
		{61D27288-7ABA-40A0-B5EB-812E8F391181}.Debug|iPhone.ActiveCfg = Debug|iPhone
		{61D27288-7ABA-40A0-B5EB-812E8F391181}.Debug|iPhone.Build.0 = Debug|iPhone
		{61D27288-7ABA-40A0-B5EB-812E8F391181}.Debug|iPhoneSimulator.ActiveCfg = Debug|iPhoneSimulator
		{61D27288-7ABA-40A0-B5EB-812E8F391181}.Debug|iPhoneSimulator.Build.0 = Debug|iPhoneSimulator
		{61D27288-7ABA-40A0-B5EB-812E8F391181}.Debug|x64.ActiveCfg = Debug|iPhone
		{61D27288-7ABA-40A0-B5EB-812E8F391181}.Debug|x86.ActiveCfg = Debug|iPhone
		{61D27288-7ABA-40A0-B5EB-812E8F391181}.Release|Any CPU.ActiveCfg = Release|iPhone
		{61D27288-7ABA-40A0-B5EB-812E8F391181}.Release|ARM.ActiveCfg = Release|iPhone
		{61D27288-7ABA-40A0-B5EB-812E8F391181}.Release|iPhone.ActiveCfg = Release|iPhone
		{61D27288-7ABA-40A0-B5EB-812E8F391181}.Release|iPhone.Build.0 = Release|iPhone
		{61D27288-7ABA-40A0-B5EB-812E8F391181}.Release|iPhoneSimulator.ActiveCfg = Release|iPhoneSimulator
		{61D27288-7ABA-40A0-B5EB-812E8F391181}.Release|iPhoneSimulator.Build.0 = Release|iPhoneSimulator
		{61D27288-7ABA-40A0-B5EB-812E8F391181}.Release|x64.ActiveCfg = Release|iPhone
		{61D27288-7ABA-40A0-B5EB-812E8F391181}.Release|x86.ActiveCfg = Release|iPhone
		{F8879C38-C830-4F99-93D8-99710D17620F}.Debug|Any CPU.ActiveCfg = Debug|Any CPU
		{F8879C38-C830-4F99-93D8-99710D17620F}.Debug|Any CPU.Build.0 = Debug|Any CPU
		{F8879C38-C830-4F99-93D8-99710D17620F}.Debug|ARM.ActiveCfg = Debug|Any CPU
		{F8879C38-C830-4F99-93D8-99710D17620F}.Debug|ARM.Build.0 = Debug|Any CPU
		{F8879C38-C830-4F99-93D8-99710D17620F}.Debug|iPhone.ActiveCfg = Debug|Any CPU
		{F8879C38-C830-4F99-93D8-99710D17620F}.Debug|iPhone.Build.0 = Debug|Any CPU
		{F8879C38-C830-4F99-93D8-99710D17620F}.Debug|iPhoneSimulator.ActiveCfg = Debug|Any CPU
		{F8879C38-C830-4F99-93D8-99710D17620F}.Debug|iPhoneSimulator.Build.0 = Debug|Any CPU
		{F8879C38-C830-4F99-93D8-99710D17620F}.Debug|x64.ActiveCfg = Debug|Any CPU
		{F8879C38-C830-4F99-93D8-99710D17620F}.Debug|x64.Build.0 = Debug|Any CPU
		{F8879C38-C830-4F99-93D8-99710D17620F}.Debug|x86.ActiveCfg = Debug|Any CPU
		{F8879C38-C830-4F99-93D8-99710D17620F}.Debug|x86.Build.0 = Debug|Any CPU
		{F8879C38-C830-4F99-93D8-99710D17620F}.Release|Any CPU.ActiveCfg = Release|Any CPU
		{F8879C38-C830-4F99-93D8-99710D17620F}.Release|Any CPU.Build.0 = Release|Any CPU
		{F8879C38-C830-4F99-93D8-99710D17620F}.Release|ARM.ActiveCfg = Release|Any CPU
		{F8879C38-C830-4F99-93D8-99710D17620F}.Release|ARM.Build.0 = Release|Any CPU
		{F8879C38-C830-4F99-93D8-99710D17620F}.Release|iPhone.ActiveCfg = Release|Any CPU
		{F8879C38-C830-4F99-93D8-99710D17620F}.Release|iPhone.Build.0 = Release|Any CPU
		{F8879C38-C830-4F99-93D8-99710D17620F}.Release|iPhoneSimulator.ActiveCfg = Release|Any CPU
		{F8879C38-C830-4F99-93D8-99710D17620F}.Release|iPhoneSimulator.Build.0 = Release|Any CPU
		{F8879C38-C830-4F99-93D8-99710D17620F}.Release|x64.ActiveCfg = Release|Any CPU
		{F8879C38-C830-4F99-93D8-99710D17620F}.Release|x64.Build.0 = Release|Any CPU
		{F8879C38-C830-4F99-93D8-99710D17620F}.Release|x86.ActiveCfg = Release|Any CPU
		{F8879C38-C830-4F99-93D8-99710D17620F}.Release|x86.Build.0 = Release|Any CPU
		{87E41CE6-434A-4704-A2BB-A8D7C9E8F253}.Debug|Any CPU.ActiveCfg = Debug|x86
		{87E41CE6-434A-4704-A2BB-A8D7C9E8F253}.Debug|ARM.ActiveCfg = Debug|ARM
		{87E41CE6-434A-4704-A2BB-A8D7C9E8F253}.Debug|ARM.Build.0 = Debug|ARM
		{87E41CE6-434A-4704-A2BB-A8D7C9E8F253}.Debug|ARM.Deploy.0 = Debug|ARM
		{87E41CE6-434A-4704-A2BB-A8D7C9E8F253}.Debug|iPhone.ActiveCfg = Debug|x86
		{87E41CE6-434A-4704-A2BB-A8D7C9E8F253}.Debug|iPhoneSimulator.ActiveCfg = Debug|x86
		{87E41CE6-434A-4704-A2BB-A8D7C9E8F253}.Debug|x64.ActiveCfg = Debug|x64
		{87E41CE6-434A-4704-A2BB-A8D7C9E8F253}.Debug|x64.Build.0 = Debug|x64
		{87E41CE6-434A-4704-A2BB-A8D7C9E8F253}.Debug|x64.Deploy.0 = Debug|x64
		{87E41CE6-434A-4704-A2BB-A8D7C9E8F253}.Debug|x86.ActiveCfg = Debug|x86
		{87E41CE6-434A-4704-A2BB-A8D7C9E8F253}.Debug|x86.Build.0 = Debug|x86
		{87E41CE6-434A-4704-A2BB-A8D7C9E8F253}.Debug|x86.Deploy.0 = Debug|x86
		{87E41CE6-434A-4704-A2BB-A8D7C9E8F253}.Release|Any CPU.ActiveCfg = Release|x86
		{87E41CE6-434A-4704-A2BB-A8D7C9E8F253}.Release|ARM.ActiveCfg = Release|ARM
		{87E41CE6-434A-4704-A2BB-A8D7C9E8F253}.Release|ARM.Build.0 = Release|ARM
		{87E41CE6-434A-4704-A2BB-A8D7C9E8F253}.Release|ARM.Deploy.0 = Release|ARM
		{87E41CE6-434A-4704-A2BB-A8D7C9E8F253}.Release|iPhone.ActiveCfg = Release|x86
		{87E41CE6-434A-4704-A2BB-A8D7C9E8F253}.Release|iPhoneSimulator.ActiveCfg = Release|x86
		{87E41CE6-434A-4704-A2BB-A8D7C9E8F253}.Release|x64.ActiveCfg = Release|x64
		{87E41CE6-434A-4704-A2BB-A8D7C9E8F253}.Release|x64.Build.0 = Release|x64
		{87E41CE6-434A-4704-A2BB-A8D7C9E8F253}.Release|x64.Deploy.0 = Release|x64
		{87E41CE6-434A-4704-A2BB-A8D7C9E8F253}.Release|x86.ActiveCfg = Release|x86
		{87E41CE6-434A-4704-A2BB-A8D7C9E8F253}.Release|x86.Build.0 = Release|x86
		{87E41CE6-434A-4704-A2BB-A8D7C9E8F253}.Release|x86.Deploy.0 = Release|x86
		{AD38C1C2-779E-4216-8FFC-44EC4984C0C1}.Debug|Any CPU.ActiveCfg = Debug|Any CPU
		{AD38C1C2-779E-4216-8FFC-44EC4984C0C1}.Debug|Any CPU.Build.0 = Debug|Any CPU
		{AD38C1C2-779E-4216-8FFC-44EC4984C0C1}.Debug|Any CPU.Deploy.0 = Debug|Any CPU
		{AD38C1C2-779E-4216-8FFC-44EC4984C0C1}.Debug|ARM.ActiveCfg = Debug|Any CPU
		{AD38C1C2-779E-4216-8FFC-44EC4984C0C1}.Debug|ARM.Build.0 = Debug|Any CPU
		{AD38C1C2-779E-4216-8FFC-44EC4984C0C1}.Debug|ARM.Deploy.0 = Debug|Any CPU
		{AD38C1C2-779E-4216-8FFC-44EC4984C0C1}.Debug|iPhone.ActiveCfg = Debug|Any CPU
		{AD38C1C2-779E-4216-8FFC-44EC4984C0C1}.Debug|iPhone.Build.0 = Debug|Any CPU
		{AD38C1C2-779E-4216-8FFC-44EC4984C0C1}.Debug|iPhone.Deploy.0 = Debug|Any CPU
		{AD38C1C2-779E-4216-8FFC-44EC4984C0C1}.Debug|iPhoneSimulator.ActiveCfg = Debug|Any CPU
		{AD38C1C2-779E-4216-8FFC-44EC4984C0C1}.Debug|iPhoneSimulator.Build.0 = Debug|Any CPU
		{AD38C1C2-779E-4216-8FFC-44EC4984C0C1}.Debug|iPhoneSimulator.Deploy.0 = Debug|Any CPU
		{AD38C1C2-779E-4216-8FFC-44EC4984C0C1}.Debug|x64.ActiveCfg = Debug|Any CPU
		{AD38C1C2-779E-4216-8FFC-44EC4984C0C1}.Debug|x64.Build.0 = Debug|Any CPU
		{AD38C1C2-779E-4216-8FFC-44EC4984C0C1}.Debug|x64.Deploy.0 = Debug|Any CPU
		{AD38C1C2-779E-4216-8FFC-44EC4984C0C1}.Debug|x86.ActiveCfg = Debug|Any CPU
		{AD38C1C2-779E-4216-8FFC-44EC4984C0C1}.Debug|x86.Build.0 = Debug|Any CPU
		{AD38C1C2-779E-4216-8FFC-44EC4984C0C1}.Debug|x86.Deploy.0 = Debug|Any CPU
		{AD38C1C2-779E-4216-8FFC-44EC4984C0C1}.Release|Any CPU.ActiveCfg = Release|Any CPU
		{AD38C1C2-779E-4216-8FFC-44EC4984C0C1}.Release|Any CPU.Build.0 = Release|Any CPU
		{AD38C1C2-779E-4216-8FFC-44EC4984C0C1}.Release|Any CPU.Deploy.0 = Release|Any CPU
		{AD38C1C2-779E-4216-8FFC-44EC4984C0C1}.Release|ARM.ActiveCfg = Release|Any CPU
		{AD38C1C2-779E-4216-8FFC-44EC4984C0C1}.Release|ARM.Build.0 = Release|Any CPU
		{AD38C1C2-779E-4216-8FFC-44EC4984C0C1}.Release|ARM.Deploy.0 = Release|Any CPU
		{AD38C1C2-779E-4216-8FFC-44EC4984C0C1}.Release|iPhone.ActiveCfg = Release|Any CPU
		{AD38C1C2-779E-4216-8FFC-44EC4984C0C1}.Release|iPhone.Build.0 = Release|Any CPU
		{AD38C1C2-779E-4216-8FFC-44EC4984C0C1}.Release|iPhone.Deploy.0 = Release|Any CPU
		{AD38C1C2-779E-4216-8FFC-44EC4984C0C1}.Release|iPhoneSimulator.ActiveCfg = Release|Any CPU
		{AD38C1C2-779E-4216-8FFC-44EC4984C0C1}.Release|iPhoneSimulator.Build.0 = Release|Any CPU
		{AD38C1C2-779E-4216-8FFC-44EC4984C0C1}.Release|iPhoneSimulator.Deploy.0 = Release|Any CPU
		{AD38C1C2-779E-4216-8FFC-44EC4984C0C1}.Release|x64.ActiveCfg = Release|Any CPU
		{AD38C1C2-779E-4216-8FFC-44EC4984C0C1}.Release|x64.Build.0 = Release|Any CPU
		{AD38C1C2-779E-4216-8FFC-44EC4984C0C1}.Release|x64.Deploy.0 = Release|Any CPU
		{AD38C1C2-779E-4216-8FFC-44EC4984C0C1}.Release|x86.ActiveCfg = Release|Any CPU
		{AD38C1C2-779E-4216-8FFC-44EC4984C0C1}.Release|x86.Build.0 = Release|Any CPU
		{AD38C1C2-779E-4216-8FFC-44EC4984C0C1}.Release|x86.Deploy.0 = Release|Any CPU
		{2F983A0C-637D-4EBC-AE6B-69797031758D}.Debug|Any CPU.ActiveCfg = Debug|iPhone
		{2F983A0C-637D-4EBC-AE6B-69797031758D}.Debug|ARM.ActiveCfg = Debug|iPhone
		{2F983A0C-637D-4EBC-AE6B-69797031758D}.Debug|iPhone.ActiveCfg = Debug|iPhone
		{2F983A0C-637D-4EBC-AE6B-69797031758D}.Debug|iPhone.Build.0 = Debug|iPhone
		{2F983A0C-637D-4EBC-AE6B-69797031758D}.Debug|iPhoneSimulator.ActiveCfg = Debug|iPhoneSimulator
		{2F983A0C-637D-4EBC-AE6B-69797031758D}.Debug|iPhoneSimulator.Build.0 = Debug|iPhoneSimulator
		{2F983A0C-637D-4EBC-AE6B-69797031758D}.Debug|x64.ActiveCfg = Debug|iPhone
		{2F983A0C-637D-4EBC-AE6B-69797031758D}.Debug|x86.ActiveCfg = Debug|iPhone
		{2F983A0C-637D-4EBC-AE6B-69797031758D}.Release|Any CPU.ActiveCfg = Release|iPhone
		{2F983A0C-637D-4EBC-AE6B-69797031758D}.Release|ARM.ActiveCfg = Release|iPhone
		{2F983A0C-637D-4EBC-AE6B-69797031758D}.Release|iPhone.ActiveCfg = Release|iPhone
		{2F983A0C-637D-4EBC-AE6B-69797031758D}.Release|iPhone.Build.0 = Release|iPhone
		{2F983A0C-637D-4EBC-AE6B-69797031758D}.Release|iPhoneSimulator.ActiveCfg = Release|iPhoneSimulator
		{2F983A0C-637D-4EBC-AE6B-69797031758D}.Release|iPhoneSimulator.Build.0 = Release|iPhoneSimulator
		{2F983A0C-637D-4EBC-AE6B-69797031758D}.Release|x64.ActiveCfg = Release|iPhone
		{2F983A0C-637D-4EBC-AE6B-69797031758D}.Release|x86.ActiveCfg = Release|iPhone
		{5DBC6F74-9877-43BF-9253-BAE44E2A7131}.Debug|Any CPU.ActiveCfg = Debug|Any CPU
		{5DBC6F74-9877-43BF-9253-BAE44E2A7131}.Debug|Any CPU.Build.0 = Debug|Any CPU
		{5DBC6F74-9877-43BF-9253-BAE44E2A7131}.Debug|ARM.ActiveCfg = Debug|Any CPU
		{5DBC6F74-9877-43BF-9253-BAE44E2A7131}.Debug|ARM.Build.0 = Debug|Any CPU
		{5DBC6F74-9877-43BF-9253-BAE44E2A7131}.Debug|iPhone.ActiveCfg = Debug|Any CPU
		{5DBC6F74-9877-43BF-9253-BAE44E2A7131}.Debug|iPhone.Build.0 = Debug|Any CPU
		{5DBC6F74-9877-43BF-9253-BAE44E2A7131}.Debug|iPhoneSimulator.ActiveCfg = Debug|Any CPU
		{5DBC6F74-9877-43BF-9253-BAE44E2A7131}.Debug|iPhoneSimulator.Build.0 = Debug|Any CPU
		{5DBC6F74-9877-43BF-9253-BAE44E2A7131}.Debug|x64.ActiveCfg = Debug|Any CPU
		{5DBC6F74-9877-43BF-9253-BAE44E2A7131}.Debug|x64.Build.0 = Debug|Any CPU
		{5DBC6F74-9877-43BF-9253-BAE44E2A7131}.Debug|x86.ActiveCfg = Debug|Any CPU
		{5DBC6F74-9877-43BF-9253-BAE44E2A7131}.Debug|x86.Build.0 = Debug|Any CPU
		{5DBC6F74-9877-43BF-9253-BAE44E2A7131}.Release|Any CPU.ActiveCfg = Release|Any CPU
		{5DBC6F74-9877-43BF-9253-BAE44E2A7131}.Release|Any CPU.Build.0 = Release|Any CPU
		{5DBC6F74-9877-43BF-9253-BAE44E2A7131}.Release|ARM.ActiveCfg = Release|Any CPU
		{5DBC6F74-9877-43BF-9253-BAE44E2A7131}.Release|ARM.Build.0 = Release|Any CPU
		{5DBC6F74-9877-43BF-9253-BAE44E2A7131}.Release|iPhone.ActiveCfg = Release|Any CPU
		{5DBC6F74-9877-43BF-9253-BAE44E2A7131}.Release|iPhone.Build.0 = Release|Any CPU
		{5DBC6F74-9877-43BF-9253-BAE44E2A7131}.Release|iPhoneSimulator.ActiveCfg = Release|Any CPU
		{5DBC6F74-9877-43BF-9253-BAE44E2A7131}.Release|iPhoneSimulator.Build.0 = Release|Any CPU
		{5DBC6F74-9877-43BF-9253-BAE44E2A7131}.Release|x64.ActiveCfg = Release|Any CPU
		{5DBC6F74-9877-43BF-9253-BAE44E2A7131}.Release|x64.Build.0 = Release|Any CPU
		{5DBC6F74-9877-43BF-9253-BAE44E2A7131}.Release|x86.ActiveCfg = Release|Any CPU
		{5DBC6F74-9877-43BF-9253-BAE44E2A7131}.Release|x86.Build.0 = Release|Any CPU
	EndGlobalSection
	GlobalSection(SolutionProperties) = preSolution
		HideSolutionNode = FALSE
	EndGlobalSection
	GlobalSection(ExtensibilityGlobals) = postSolution
		SolutionGuid = {5FF0710A-5D85-4C6A-848C-9F5DC9F7EBFC}
	EndGlobalSection
EndGlobal
